
Microsoft Visual Studio Solution File, Format Version 12.00
# Visual Studio Version 17
VisualStudioVersion = 17.10.35004.147
MinimumVisualStudioVersion = 10.0.40219.1
Project("{FAE04EC0-301F-11D3-BF4B-00C04F79EFBC}") = "TestTask1", "TestTask1.csproj", "{0DA6DD0E-02F9-43E0-8C77-6911CBDC7BEB}"
EndProject
Global
	GlobalSection(SolutionConfigurationPlatforms) = preSolution
		Debug|Any CPU = Debug|Any CPU
		Release|Any CPU = Release|Any CPU
	EndGlobalSection
	GlobalSection(ProjectConfigurationPlatforms) = postSolution
		{0DA6DD0E-02F9-43E0-8C77-6911CBDC7BEB}.Debug|Any CPU.ActiveCfg = Debug|Any CPU
		{0DA6DD0E-02F9-43E0-8C77-6911CBDC7BEB}.Debug|Any CPU.Build.0 = Debug|Any CPU
		{0DA6DD0E-02F9-43E0-8C77-6911CBDC7BEB}.Release|Any CPU.ActiveCfg = Release|Any CPU
		{0DA6DD0E-02F9-43E0-8C77-6911CBDC7BEB}.Release|Any CPU.Build.0 = Release|Any CPU
	EndGlobalSection
	GlobalSection(SolutionProperties) = preSolution
		HideSolutionNode = FALSE
	EndGlobalSection
	GlobalSection(ExtensibilityGlobals) = postSolution
		SolutionGuid = {61F83F71-5397-48E7-B1AF-7B94A7295219}
	EndGlobalSection
EndGlobal
